
Microsoft Visual Studio Solution File, Format Version 12.00
# Visual Studio 2012
Project("{FAE04EC0-301F-11D3-BF4B-00C04F79EFBC}") = "CircularLinkedList", "CircularLinkedList\CircularLinkedList.csproj", "{0D32014A-80BC-4BC4-BC79-3C8E2EB78A9A}"
EndProject
Global
	GlobalSection(SolutionConfigurationPlatforms) = preSolution
		Debug|x86 = Debug|x86
		Release|x86 = Release|x86
	EndGlobalSection
	GlobalSection(ProjectConfigurationPlatforms) = postSolution
		{0D32014A-80BC-4BC4-BC79-3C8E2EB78A9A}.Debug|x86.ActiveCfg = Debug|x86
		{0D32014A-80BC-4BC4-BC79-3C8E2EB78A9A}.Debug|x86.Build.0 = Debug|x86
		{0D32014A-80BC-4BC4-BC79-3C8E2EB78A9A}.Release|x86.ActiveCfg = Release|x86
		{0D32014A-80BC-4BC4-BC79-3C8E2EB78A9A}.Release|x86.Build.0 = Release|x86
	EndGlobalSection
EndGlobal
